schema: '2.0'
stages:
  data_ingestion:
    cmd: python src/data_ingestion.py
    deps:
    - path: src/data_ingestion.py
      hash: md5
      md5: 4c8ba5d25c7eaf10b5bb2467f1550a3a
      size: 3635
    params:
      params.yaml:
        data_ingestion.test_size: 0.2
    outs:
    - path: data/raw
      hash: md5
      md5: 1a287d34dc172d9f950c03dae35f7e73.dir
      size: 484846
      nfiles: 2
  data_preprocessing:
    cmd: python src/data_preprocessing.py
    deps:
    - path: data/raw
      hash: md5
      md5: 1a287d34dc172d9f950c03dae35f7e73.dir
      size: 484846
      nfiles: 2
    - path: src/data_preprocessing.py
      hash: md5
      md5: d9d481b30ac03fe585f622b81b6219f3
      size: 3174
    outs:
    - path: data/interim
      hash: md5
      md5: 46b2e0436059df8a2e357f1011becf67.dir
      size: 276008
      nfiles: 2
  feature_engineering:
    cmd: python src/feature_engineering.py
    deps:
    - path: data/interim
      hash: md5
      md5: 46b2e0436059df8a2e357f1011becf67.dir
      size: 276008
      nfiles: 2
    - path: src/feature_engineering.py
      hash: md5
      md5: 0132ff8e63e03c8c39c75ca892e28fcf
      size: 3360
    params:
      params.yaml:
        feature_engineering.max_features: 35
    outs:
    - path: data/processed
      hash: md5
      md5: d6742f8e69b7f97e19270b1413cd53ae.dir
      size: 1171902
      nfiles: 2
  model_training:
    cmd: python src/model_training.py
    deps:
    - path: data/processed
      hash: md5
      md5: d6742f8e69b7f97e19270b1413cd53ae.dir
      size: 1171902
      nfiles: 2
    - path: src/model_training.py
      hash: md5
      md5: 13f556485f4bfb8ccaac17edadc46c25
      size: 3464
    params:
      params.yaml:
        model_training.n_estimators: 22
        model_training.random_state: 2
    outs:
    - path: models/model.pkl
      hash: md5
      md5: 98606b3a3b0bcd5f32cec0c70012bc8a
      size: 855684
  model_evaluation:
    cmd: python src/model_evaluation.py
    deps:
    - path: models/model.pkl
      hash: md5
      md5: 98606b3a3b0bcd5f32cec0c70012bc8a
      size: 855684
    - path: src/model_evaluation.py
      hash: md5
      md5: d5549ee2400b541af653bb521ca3857b
      size: 4203
    outs:
    - path: reports/metrics.json
      hash: md5
      md5: 49a3e0b3cfdcc6fb014545f17efa7727
      size: 145
